// !$*UTF8*$!
{
	archiveVersion = 1;
	classes = {
	};
	objectVersion = 48;
	objects = {

/* Begin PBXBuildFile section */
		2E83ED9E1F77602300E56B22 /* AppDelegate.swift in Sources */ = {isa = PBXBuildFile; fileRef = 2E83ED9D1F77602300E56B22 /* AppDelegate.swift */; };
		2E83EDA01F77602300E56B22 /* ViewController.swift in Sources */ = {isa = PBXBuildFile; fileRef = 2E83ED9F1F77602300E56B22 /* ViewController.swift */; };
		2E83EDA31F77602300E56B22 /* Main.storyboard in Resources */ = {isa = PBXBuildFile; fileRef = 2E83EDA11F77602300E56B22 /* Main.storyboard */; };
		2E83EDA51F77602300E56B22 /* Assets.xcassets in Resources */ = {isa = PBXBuildFile; fileRef = 2E83EDA41F77602300E56B22 /* Assets.xcassets */; };
		2E83EDA81F77602300E56B22 /* LaunchScreen.storyboard in Resources */ = {isa = PBXBuildFile; fileRef = 2E83EDA61F77602300E56B22 /* LaunchScreen.storyboard */; };
		2E83EDEE1F776FB900E56B22 /* Discover.storyboard in Resources */ = {isa = PBXBuildFile; fileRef = 2E83EDE31F776FB900E56B22 /* Discover.storyboard */; };
		2E83EDF01F776FB900E56B22 /* Home.storyboard in Resources */ = {isa = PBXBuildFile; fileRef = 2E83EDE61F776FB900E56B22 /* Home.storyboard */; };
		2E83EDF21F776FB900E56B22 /* Profile.storyboard in Resources */ = {isa = PBXBuildFile; fileRef = 2E83EDE91F776FB900E56B22 /* Profile.storyboard */; };
		2E83EDF41F776FB900E56B22 /* Rank.storyboard in Resources */ = {isa = PBXBuildFile; fileRef = 2E83EDEC1F776FB900E56B22 /* Rank.storyboard */; };
		2ECBAFFE1FB4342B0009B300 /* UIColor-Extension.swift in Sources */ = {isa = PBXBuildFile; fileRef = 2ECBAFFD1FB4342B0009B300 /* UIColor-Extension.swift */; };
		2ECBB0001FB43C1E0009B300 /* HomeViewController.swift in Sources */ = {isa = PBXBuildFile; fileRef = 2ECBAFFF1FB43C1E0009B300 /* HomeViewController.swift */; };
		2ECBB0021FB43C580009B300 /* DiscoverViewController.swift in Sources */ = {isa = PBXBuildFile; fileRef = 2ECBB0011FB43C580009B300 /* DiscoverViewController.swift */; };
		2ECBB0041FB43C7E0009B300 /* ProfileViewController.swift in Sources */ = {isa = PBXBuildFile; fileRef = 2ECBB0031FB43C7E0009B300 /* ProfileViewController.swift */; };
		2ECBB0061FB43C930009B300 /* RankViewController.swift in Sources */ = {isa = PBXBuildFile; fileRef = 2ECBB0051FB43C930009B300 /* RankViewController.swift */; };
		2ECBB0091FB44DB40009B300 /* CJPageView.swift in Sources */ = {isa = PBXBuildFile; fileRef = 2ECBB0081FB44DB40009B300 /* CJPageView.swift */; };
		2ECBB00B1FB44DD80009B300 /* CJPageTitleView.swift in Sources */ = {isa = PBXBuildFile; fileRef = 2ECBB00A1FB44DD80009B300 /* CJPageTitleView.swift */; };
		2ECBB00D1FB44DF20009B300 /* CJPageContentView.swift in Sources */ = {isa = PBXBuildFile; fileRef = 2ECBB00C1FB44DF20009B300 /* CJPageContentView.swift */; };
		2EF0AE581FB4B22200605483 /* CJPageViewStyle.swift in Sources */ = {isa = PBXBuildFile; fileRef = 2EF0AE571FB4B22200605483 /* CJPageViewStyle.swift */; };
/* End PBXBuildFile section */

/* Begin PBXFileReference section */
		2E1B894C1FB4669A006F91B8 /* MainTabbarController.swift */ = {isa = PBXFileReference; lastKnownFileType = sourcecode.swift; path = MainTabbarController.swift; sourceTree = "<group>"; };
		2E83ED9A1F77602300E56B22 /* YYTV.app */ = {isa = PBXFileReference; explicitFileType = wrapper.application; includeInIndex = 0; path = YYTV.app; sourceTree = BUILT_PRODUCTS_DIR; };
		2E83ED9D1F77602300E56B22 /* AppDelegate.swift */ = {isa = PBXFileReference; lastKnownFileType = sourcecode.swift; path = AppDelegate.swift; sourceTree = "<group>"; };
		2E83ED9F1F77602300E56B22 /* ViewController.swift */ = {isa = PBXFileReference; lastKnownFileType = sourcecode.swift; path = ViewController.swift; sourceTree = "<group>"; };
		2E83EDA21F77602300E56B22 /* Base */ = {isa = PBXFileReference; lastKnownFileType = file.storyboard; name = Base; path = Base.lproj/Main.storyboard; sourceTree = "<group>"; };
		2E83EDA41F77602300E56B22 /* Assets.xcassets */ = {isa = PBXFileReference; lastKnownFileType = folder.assetcatalog; path = Assets.xcassets; sourceTree = "<group>"; };
		2E83EDA71F77602300E56B22 /* Base */ = {isa = PBXFileReference; lastKnownFileType = file.storyboard; name = Base; path = Base.lproj/LaunchScreen.storyboard; sourceTree = "<group>"; };
		2E83EDA91F77602300E56B22 /* Info.plist */ = {isa = PBXFileReference; lastKnownFileType = text.plist.xml; path = Info.plist; sourceTree = "<group>"; };
		2E83EDE31F776FB900E56B22 /* Discover.storyboard */ = {isa = PBXFileReference; fileEncoding = 4; lastKnownFileType = file.storyboard; path = Discover.storyboard; sourceTree = "<group>"; };
		2E83EDE61F776FB900E56B22 /* Home.storyboard */ = {isa = PBXFileReference; fileEncoding = 4; lastKnownFileType = file.storyboard; path = Home.storyboard; sourceTree = "<group>"; };
		2E83EDE91F776FB900E56B22 /* Profile.storyboard */ = {isa = PBXFileReference; fileEncoding = 4; lastKnownFileType = file.storyboard; path = Profile.storyboard; sourceTree = "<group>"; };
		2E83EDEC1F776FB900E56B22 /* Rank.storyboard */ = {isa = PBXFileReference; fileEncoding = 4; lastKnownFileType = file.storyboard; path = Rank.storyboard; sourceTree = "<group>"; };
		2ECBAFFD1FB4342B0009B300 /* UIColor-Extension.swift */ = {isa = PBXFileReference; lastKnownFileType = sourcecode.swift; path = "UIColor-Extension.swift"; sourceTree = "<group>"; };
		2ECBAFFF1FB43C1E0009B300 /* HomeViewController.swift */ = {isa = PBXFileReference; lastKnownFileType = sourcecode.swift; path = HomeViewController.swift; sourceTree = "<group>"; };
		2ECBB0011FB43C580009B300 /* DiscoverViewController.swift */ = {isa = PBXFileReference; lastKnownFileType = sourcecode.swift; path = DiscoverViewController.swift; sourceTree = "<group>"; };
		2ECBB0031FB43C7E0009B300 /* ProfileViewController.swift */ = {isa = PBXFileReference; lastKnownFileType = sourcecode.swift; path = ProfileViewController.swift; sourceTree = "<group>"; };
		2ECBB0051FB43C930009B300 /* RankViewController.swift */ = {isa = PBXFileReference; lastKnownFileType = sourcecode.swift; path = RankViewController.swift; sourceTree = "<group>"; };
		2ECBB0081FB44DB40009B300 /* CJPageView.swift */ = {isa = PBXFileReference; lastKnownFileType = sourcecode.swift; path = CJPageView.swift; sourceTree = "<group>"; };
		2ECBB00A1FB44DD80009B300 /* CJPageTitleView.swift */ = {isa = PBXFileReference; lastKnownFileType = sourcecode.swift; path = CJPageTitleView.swift; sourceTree = "<group>"; };
		2ECBB00C1FB44DF20009B300 /* CJPageContentView.swift */ = {isa = PBXFileReference; lastKnownFileType = sourcecode.swift; path = CJPageContentView.swift; sourceTree = "<group>"; };
		2EF0AE571FB4B22200605483 /* CJPageViewStyle.swift */ = {isa = PBXFileReference; lastKnownFileType = sourcecode.swift; path = CJPageViewStyle.swift; sourceTree = "<group>"; };
/* End PBXFileReference section */

/* Begin PBXFrameworksBuildPhase section */
		2E83ED971F77602300E56B22 /* Frameworks */ = {
			isa = PBXFrameworksBuildPhase;
			buildActionMask = 2147483647;
			files = (
			);
			runOnlyForDeploymentPostprocessing = 0;
		};
/* End PBXFrameworksBuildPhase section */

/* Begin PBXGroup section */
		2E3A96161F77D9B3009C3FE0 /* Main */ = {
			isa = PBXGroup;
			children = (
				2E1B894C1FB4669A006F91B8 /* MainTabbarController.swift */,
			);
			path = Main;
			sourceTree = "<group>";
		};
		2E83ED911F77602300E56B22 = {
			isa = PBXGroup;
			children = (
				2E83ED9C1F77602300E56B22 /* YYTV */,
				2E83ED9B1F77602300E56B22 /* Products */,
			);
			sourceTree = "<group>";
		};
		2E83ED9B1F77602300E56B22 /* Products */ = {
			isa = PBXGroup;
			children = (
				2E83ED9A1F77602300E56B22 /* YYTV.app */,
			);
			name = Products;
			sourceTree = "<group>";
		};
		2E83ED9C1F77602300E56B22 /* YYTV */ = {
			isa = PBXGroup;
			children = (
				2E83EDE11F776FB900E56B22 /* Classes */,
				2E83ED9D1F77602300E56B22 /* AppDelegate.swift */,
				2E83ED9F1F77602300E56B22 /* ViewController.swift */,
				2E83EDA11F77602300E56B22 /* Main.storyboard */,
				2E83EDA41F77602300E56B22 /* Assets.xcassets */,
				2E83EDA61F77602300E56B22 /* LaunchScreen.storyboard */,
				2E83EDA91F77602300E56B22 /* Info.plist */,
			);
			path = YYTV;
			sourceTree = "<group>";
		};
		2E83EDE11F776FB900E56B22 /* Classes */ = {
			isa = PBXGroup;
			children = (
				2ECBB0071FB44D840009B300 /* Custom */,
				2ECBAFFC1FB4339B0009B300 /* Extension */,
				2ECBAFFB1FB433860009B300 /* Category */,
				2E3A96161F77D9B3009C3FE0 /* Main */,
				2E83EDE21F776FB900E56B22 /* Discover */,
				2E83EDE51F776FB900E56B22 /* Home */,
				2E83EDE81F776FB900E56B22 /* Profile */,
				2E83EDEB1F776FB900E56B22 /* Rank */,
			);
			path = Classes;
			sourceTree = "<group>";
		};
		2E83EDE21F776FB900E56B22 /* Discover */ = {
			isa = PBXGroup;
			children = (
				2E83EDE31F776FB900E56B22 /* Discover.storyboard */,
				2ECBB0011FB43C580009B300 /* DiscoverViewController.swift */,
			);
			path = Discover;
			sourceTree = "<group>";
		};
		2E83EDE51F776FB900E56B22 /* Home */ = {
			isa = PBXGroup;
			children = (
				2E83EDE61F776FB900E56B22 /* Home.storyboard */,
				2ECBAFFF1FB43C1E0009B300 /* HomeViewController.swift */,
			);
			path = Home;
			sourceTree = "<group>";
		};
		2E83EDE81F776FB900E56B22 /* Profile */ = {
			isa = PBXGroup;
			children = (
				2E83EDE91F776FB900E56B22 /* Profile.storyboard */,
				2ECBB0031FB43C7E0009B300 /* ProfileViewController.swift */,
			);
			path = Profile;
			sourceTree = "<group>";
		};
		2E83EDEB1F776FB900E56B22 /* Rank */ = {
			isa = PBXGroup;
			children = (
				2E83EDEC1F776FB900E56B22 /* Rank.storyboard */,
				2ECBB0051FB43C930009B300 /* RankViewController.swift */,
			);
			path = Rank;
			sourceTree = "<group>";
		};
		2ECBAFFB1FB433860009B300 /* Category */ = {
			isa = PBXGroup;
			children = (
			);
			path = Category;
			sourceTree = "<group>";
		};
		2ECBAFFC1FB4339B0009B300 /* Extension */ = {
			isa = PBXGroup;
			children = (
				2ECBAFFD1FB4342B0009B300 /* UIColor-Extension.swift */,
			);
			path = Extension;
			sourceTree = "<group>";
		};
		2ECBB0071FB44D840009B300 /* Custom */ = {
			isa = PBXGroup;
			children = (
				2ECBB0081FB44DB40009B300 /* CJPageView.swift */,
				2ECBB00A1FB44DD80009B300 /* CJPageTitleView.swift */,
				2ECBB00C1FB44DF20009B300 /* CJPageContentView.swift */,
				2EF0AE571FB4B22200605483 /* CJPageViewStyle.swift */,
			);
			path = Custom;
			sourceTree = "<group>";
		};
/* End PBXGroup section */

/* Begin PBXNativeTarget section */
		2E83ED991F77602300E56B22 /* YYTV */ = {
			isa = PBXNativeTarget;
			buildConfigurationList = 2E83EDAC1F77602300E56B22 /* Build configuration list for PBXNativeTarget "YYTV" */;
			buildPhases = (
				2E83ED961F77602300E56B22 /* Sources */,
				2E83ED971F77602300E56B22 /* Frameworks */,
				2E83ED981F77602300E56B22 /* Resources */,
			);
			buildRules = (
			);
			dependencies = (
			);
			name = YYTV;
			productName = YYTV;
			productReference = 2E83ED9A1F77602300E56B22 /* YYTV.app */;
			productType = "com.apple.product-type.application";
		};
/* End PBXNativeTarget section */

/* Begin PBXProject section */
		2E83ED921F77602300E56B22 /* Project object */ = {
			isa = PBXProject;
			attributes = {
				LastSwiftUpdateCheck = 0900;
				LastUpgradeCheck = 0900;
				ORGANIZATIONNAME = Joseph;
				TargetAttributes = {
					2E83ED991F77602300E56B22 = {
						CreatedOnToolsVersion = 9.0;
						ProvisioningStyle = Automatic;
					};
				};
			};
			buildConfigurationList = 2E83ED951F77602300E56B22 /* Build configuration list for PBXProject "YYTV" */;
			compatibilityVersion = "Xcode 8.0";
			developmentRegion = en;
			hasScannedForEncodings = 0;
			knownRegions = (
				en,
				Base,
			);
			mainGroup = 2E83ED911F77602300E56B22;
			productRefGroup = 2E83ED9B1F77602300E56B22 /* Products */;
			projectDirPath = "";
			projectRoot = "";
			targets = (
				2E83ED991F77602300E56B22 /* YYTV */,
			);
		};
/* End PBXProject section */

/* Begin PBXResourcesBuildPhase section */
		2E83ED981F77602300E56B22 /* Resources */ = {
			isa = PBXResourcesBuildPhase;
			buildActionMask = 2147483647;
			files = (
				2E83EDF01F776FB900E56B22 /* Home.storyboard in Resources */,
				2E83EDEE1F776FB900E56B22 /* Discover.storyboard in Resources */,
				2E83EDA81F77602300E56B22 /* LaunchScreen.storyboard in Resources */,
				2E83EDA51F77602300E56B22 /* Assets.xcassets in Resources */,
				2E83EDF21F776FB900E56B22 /* Profile.storyboard in Resources */,
				2E83EDF41F776FB900E56B22 /* Rank.storyboard in Resources */,
				2E83EDA31F77602300E56B22 /* Main.storyboard in Resources */,
			);
			runOnlyForDeploymentPostprocessing = 0;
		};
/* End PBXResourcesBuildPhase section */

/* Begin PBXSourcesBuildPhase section */
		2E83ED961F77602300E56B22 /* Sources */ = {
			isa = PBXSourcesBuildPhase;
			buildActionMask = 2147483647;
			files = (
				2ECBB0001FB43C1E0009B300 /* HomeViewController.swift in Sources */,
				2E83EDA01F77602300E56B22 /* ViewController.swift in Sources */,
				2ECBB00D1FB44DF20009B300 /* CJPageContentView.swift in Sources */,
				2ECBAFFE1FB4342B0009B300 /* UIColor-Extension.swift in Sources */,
				2ECBB0021FB43C580009B300 /* DiscoverViewController.swift in Sources */,
				2EF0AE581FB4B22200605483 /* CJPageViewStyle.swift in Sources */,
				2ECBB0041FB43C7E0009B300 /* ProfileViewController.swift in Sources */,
				2E83ED9E1F77602300E56B22 /* AppDelegate.swift in Sources */,
				2ECBB0061FB43C930009B300 /* RankViewController.swift in Sources */,
				2ECBB0091FB44DB40009B300 /* CJPageView.swift in Sources */,
				2ECBB00B1FB44DD80009B300 /* CJPageTitleView.swift in Sources */,
			);
			runOnlyForDeploymentPostprocessing = 0;
		};
/* End PBXSourcesBuildPhase section */

/* Begin PBXVariantGroup section */
		2E83EDA11F77602300E56B22 /* Main.storyboard */ = {
			isa = PBXVariantGroup;
			children = (
				2E83EDA21F77602300E56B22 /* Base */,
			);
			name = Main.storyboard;
			sourceTree = "<group>";
		};
		2E83EDA61F77602300E56B22 /* LaunchScreen.storyboard */ = {
			isa = PBXVariantGroup;
			children = (
				2E83EDA71F77602300E56B22 /* Base */,
			);
			name = LaunchScreen.storyboard;
			sourceTree = "<group>";
		};
/* End PBXVariantGroup section */

/* Begin XCBuildConfiguration section */
		2E83EDAA1F77602300E56B22 /* Debug */ = {
			isa = XCBuildConfiguration;
			buildSettings = {
				ALWAYS_SEARCH_USER_PATHS = NO;
				CLANG_ANALYZER_NONNULL = YES;
				CLANG_ANALYZER_NUMBER_OBJECT_CONVERSION = YES_AGGRESSIVE;
				CLANG_CXX_LANGUAGE_STANDARD = "gnu++14";
				CLANG_CXX_LIBRARY = "libc++";
				CLANG_ENABLE_MODULES = YES;
				CLANG_ENABLE_OBJC_ARC = YES;
				CLANG_WARN_BLOCK_CAPTURE_AUTORELEASING = YES;
				CLANG_WARN_BOOL_CONVERSION = YES;
				CLANG_WARN_COMMA = YES;
				CLANG_WARN_CONSTANT_CONVERSION = YES;
				CLANG_WARN_DIRECT_OBJC_ISA_USAGE = YES_ERROR;
				CLANG_WARN_DOCUMENTATION_COMMENTS = YES;
				CLANG_WARN_EMPTY_BODY = YES;
				CLANG_WARN_ENUM_CONVERSION = YES;
				CLANG_WARN_INFINITE_RECURSION = YES;
				CLANG_WARN_INT_CONVERSION = YES;
				CLANG_WARN_NON_LITERAL_NULL_CONVERSION = YES;
				CLANG_WARN_OBJC_LITERAL_CONVERSION = YES;
				CLANG_WARN_OBJC_ROOT_CLASS = YES_ERROR;
				CLANG_WARN_RANGE_LOOP_ANALYSIS = YES;
				CLANG_WARN_STRICT_PROTOTYPES = YES;
				CLANG_WARN_SUSPICIOUS_MOVE = YES;
				CLANG_WARN_UNGUARDED_AVAILABILITY = YES_AGGRESSIVE;
				CLANG_WARN_UNREACHABLE_CODE = YES;
				CLANG_WARN__DUPLICATE_METHOD_MATCH = YES;
				CODE_SIGN_IDENTITY = "iPhone Developer";
				COPY_PHASE_STRIP = NO;
				DEBUG_INFORMATION_FORMAT = dwarf;
				ENABLE_STRICT_OBJC_MSGSEND = YES;
				ENABLE_TESTABILITY = YES;
				GCC_C_LANGUAGE_STANDARD = gnu11;
				GCC_DYNAMIC_NO_PIC = NO;
				GCC_NO_COMMON_BLOCKS = YES;
				GCC_OPTIMIZATION_LEVEL = 0;
				GCC_PREPROCESSOR_DEFINITIONS = (
					"DEBUG=1",
					"$(inherited)",
				);
				GCC_WARN_64_TO_32_BIT_CONVERSION = YES;
				GCC_WARN_ABOUT_RETURN_TYPE = YES_ERROR;
				GCC_WARN_UNDECLARED_SELECTOR = YES;
				GCC_WARN_UNINITIALIZED_AUTOS = YES_AGGRESSIVE;
				GCC_WARN_UNUSED_FUNCTION = YES;
				GCC_WARN_UNUSED_VARIABLE = YES;
				IPHONEOS_DEPLOYMENT_TARGET = 11.0;
				MTL_ENABLE_DEBUG_INFO = YES;
				ONLY_ACTIVE_ARCH = YES;
				SDKROOT = iphoneos;
				SWIFT_ACTIVE_COMPILATION_CONDITIONS = DEBUG;
				SWIFT_OPTIMIZATION_LEVEL = "-Onone";
			};
			name = Debug;
		};
		2E83EDAB1F77602300E56B22 /* Release */ = {
			isa = XCBuildConfiguration;
			buildSettings = {
				ALWAYS_SEARCH_USER_PATHS = NO;
				CLANG_ANALYZER_NONNULL = YES;
				CLANG_ANALYZER_NUMBER_OBJECT_CONVERSION = YES_AGGRESSIVE;
				CLANG_CXX_LANGUAGE_STANDARD = "gnu++14";
				CLANG_CXX_LIBRARY = "libc++";
				CLANG_ENABLE_MODULES = YES;
				CLANG_ENABLE_OBJC_ARC = YES;
				CLANG_WARN_BLOCK_CAPTURE_AUTORELEASING = YES;
				CLANG_WARN_BOOL_CONVERSION = YES;
				CLANG_WARN_COMMA = YES;
				CLANG_WARN_CONSTANT_CONVERSION = YES;
				CLANG_WARN_DIRECT_OBJC_ISA_USAGE = YES_ERROR;
				CLANG_WARN_DOCUMENTATION_COMMENTS = YES;
				CLANG_WARN_EMPTY_BODY = YES;
				CLANG_WARN_ENUM_CONVERSION = YES;
				CLANG_WARN_INFINITE_RECURSION = YES;
				CLANG_WARN_INT_CONVERSION = YES;
				CLANG_WARN_NON_LITERAL_NULL_CONVERSION = YES;
				CLANG_WARN_OBJC_LITERAL_CONVERSION = YES;
				CLANG_WARN_OBJC_ROOT_CLASS = YES_ERROR;
				CLANG_WARN_RANGE_LOOP_ANALYSIS = YES;
				CLANG_WARN_STRICT_PROTOTYPES = YES;
				CLANG_WARN_SUSPICIOUS_MOVE = YES;
				CLANG_WARN_UNGUARDED_AVAILABILITY = YES_AGGRESSIVE;
				CLANG_WARN_UNREACHABLE_CODE = YES;
				CLANG_WARN__DUPLICATE_METHOD_MATCH = YES;
				CODE_SIGN_IDENTITY = "iPhone Developer";
				COPY_PHASE_STRIP = NO;
				DEBUG_INFORMATION_FORMAT = "dwarf-with-dsym";
				ENABLE_NS_ASSERTIONS = NO;
				ENABLE_STRICT_OBJC_MSGSEND = YES;
				GCC_C_LANGUAGE_STANDARD = gnu11;
				GCC_NO_COMMON_BLOCKS = YES;
				GCC_WARN_64_TO_32_BIT_CONVERSION = YES;
				GCC_WARN_ABOUT_RETURN_TYPE = YES_ERROR;
				GCC_WARN_UNDECLARED_SELECTOR = YES;
				GCC_WARN_UNINITIALIZED_AUTOS = YES_AGGRESSIVE;
				GCC_WARN_UNUSED_FUNCTION = YES;
				GCC_WARN_UNUSED_VARIABLE = YES;
				IPHONEOS_DEPLOYMENT_TARGET = 11.0;
				MTL_ENABLE_DEBUG_INFO = NO;
				SDKROOT = iphoneos;
				SWIFT_OPTIMIZATION_LEVEL = "-Owholemodule";
				VALIDATE_PRODUCT = YES;
			};
			name = Release;
		};
		2E83EDAD1F77602300E56B22 /* Debug */ = {
			isa = XCBuildConfiguration;
			buildSettings = {
				ASSETCATALOG_COMPILER_APPICON_NAME = AppIcon;
				ASSETCATALOG_COMPILER_LAUNCHIMAGE_NAME = LaunchImage;
				CODE_SIGN_STYLE = Automatic;
				DEVELOPMENT_TEAM = ZGH256557J;
				INFOPLIST_FILE = YYTV/Info.plist;
				IPHONEOS_DEPLOYMENT_TARGET = 9.0;
				LD_RUNPATH_SEARCH_PATHS = "$(inherited) @executable_path/Frameworks";
				PRODUCT_BUNDLE_IDENTIFIER = com.wanmei.YYTV.Swift;
				PRODUCT_NAME = "$(TARGET_NAME)";
				SWIFT_VERSION = 4.0;
				TARGETED_DEVICE_FAMILY = "1,2";
			};
			name = Debug;
		};
		2E83EDAE1F77602300E56B22 /* Release */ = {
			isa = XCBuildConfiguration;
			buildSettings = {
				ASSETCATALOG_COMPILER_APPICON_NAME = AppIcon;
				ASSETCATALOG_COMPILER_LAUNCHIMAGE_NAME = LaunchImage;
				CODE_SIGN_STYLE = Automatic;
				DEVELOPMENT_TEAM = ZGH256557J;
				INFOPLIST_FILE = YYTV/Info.plist;
				IPHONEOS_DEPLOYMENT_TARGET = 9.0;
				LD_RUNPATH_SEARCH_PATHS = "$(inherited) @executable_path/Frameworks";
				PRODUCT_BUNDLE_IDENTIFIER = com.wanmei.YYTV.Swift;
				PRODUCT_NAME = "$(TARGET_NAME)";
				SWIFT_VERSION = 4.0;
				TARGETED_DEVICE_FAMILY = "1,2";
			};
			name = Release;
		};
/* End XCBuildConfiguration section */

/* Begin XCConfigurationList section */
		2E83ED951F77602300E56B22 /* Build configuration list for PBXProject "YYTV" */ = {
			isa = XCConfigurationList;
			buildConfigurations = (
				2E83EDAA1F77602300E56B22 /* Debug */,
				2E83EDAB1F77602300E56B22 /* Release */,
			);
			defaultConfigurationIsVisible = 0;
			defaultConfigurationName = Release;
		};
		2E83EDAC1F77602300E56B22 /* Build configuration list for PBXNativeTarget "YYTV" */ = {
			isa = XCConfigurationList;
			buildConfigurations = (
				2E83EDAD1F77602300E56B22 /* Debug */,
				2E83EDAE1F77602300E56B22 /* Release */,
			);
			defaultConfigurationIsVisible = 0;
			defaultConfigurationName = Release;
		};
/* End XCConfigurationList section */
	};
	rootObject = 2E83ED921F77602300E56B22 /* Project object */;
}
